
Microsoft Visual Studio Solution File, Format Version 12.00
# Visual Studio 2013
VisualStudioVersion = 12.0.40629.0
MinimumVisualStudioVersion = 10.0.40219.1
Project("{FAE04EC0-301F-11D3-BF4B-00C04F79EFBC}") = "GitExample", "GitExample\GitExample.csproj", "{76BEEB4E-F2EA-4BF3-8862-C8315DBB6E7C}"
EndProject
Project("{2150E333-8FDC-42A3-9474-1A3956D46DE8}") = ".nuget", ".nuget", "{994C58A6-853E-457D-BE37-C7A151896490}"
	ProjectSection(SolutionItems) = preProject
		.nuget\NuGet.Config = .nuget\NuGet.Config
		.nuget\NuGet.exe = .nuget\NuGet.exe
		.nuget\NuGet.targets = .nuget\NuGet.targets
	EndProjectSection
EndProject
Global
	GlobalSection(SolutionConfigurationPlatforms) = preSolution
		Debug|Any CPU = Debug|Any CPU
		Release|Any CPU = Release|Any CPU
	EndGlobalSection
	GlobalSection(ProjectConfigurationPlatforms) = postSolution
		{76BEEB4E-F2EA-4BF3-8862-C8315DBB6E7C}.Debug|Any CPU.ActiveCfg = Debug|Any CPU
		{76BEEB4E-F2EA-4BF3-8862-C8315DBB6E7C}.Debug|Any CPU.Build.0 = Debug|Any CPU
		{76BEEB4E-F2EA-4BF3-8862-C8315DBB6E7C}.Release|Any CPU.ActiveCfg = Release|Any CPU
		{76BEEB4E-F2EA-4BF3-8862-C8315DBB6E7C}.Release|Any CPU.Build.0 = Release|Any CPU
	EndGlobalSection
	GlobalSection(SolutionProperties) = preSolution
		HideSolutionNode = FALSE
	EndGlobalSection
EndGlobal
